# This file is automatically @generated by Cargo.
# It is not intended for manual editing.
version = 4

[[package]]
name = "autocfg"
version = "1.3.0"
source = "registry+https://github.com/rust-lang/crates.io-index"
checksum = "0c4b4d0bd25bd0b74681c0ad21497610ce1b7c91b1022cd21c80c6fbdd9476b0"

[[package]]
name = "num-traits"
version = "0.2.19"
source = "git+https://github.com/linclelinkpart5/num-traits.git#8c8e0e463a8792320d01721237b3dcd20837f889"
dependencies = [
 "autocfg",
]

[[package]]
name = "tp-phase"
version = "0.1.0"
dependencies = [
 "num-traits",
]
